PODS:
  - Flutter (1.0.0)
  - media_picker_builder (0.0.1):
    - Flutter
  - permission_handler (3.1.0):
    - Flutter

DEPENDENCIES:
  - Flutter (from `.symlinks/flutter/ios`)
  - media_picker_builder (from `.symlinks/plugins/media_picker_builder/ios`)
  - permission_handler (from `.symlinks/plugins/permission_handler/ios`)

EXTERNAL SOURCES:
  Flutter:
    :path: ".symlinks/flutter/ios"
  media_picker_builder:
    :path: ".symlinks/plugins/media_picker_builder/ios"
  permission_handler:
    :path: ".symlinks/plugins/permission_handler/ios"

SPEC CHECKSUMS:
  Flutter: 0e3d915762c693b495b44d77113d4970485de6ec
  media_picker_builder: 1fe169c06399c4a521ff05ac4082c453693cc96a
  permission_handler: fa6b0d784b1a43cb96b468a5b8365cb130b1956a

PODFILE CHECKSUM: ebd43b443038e611b86ede96e613bd6033c49497

COCOAPODS: 1.9.3
